
Microsoft Visual Studio Solution File, Format Version 12.00
# Visual Studio Version 16
VisualStudioVersion = 16.0.30503.244
MinimumVisualStudioVersion = 10.0.40219.1
Project("{FAE04EC0-301F-11D3-BF4B-00C04F79EFBC}") = "CourseNotes", "CourseNotes\CourseNotes.csproj", "{27C1ABE5-6853-4234-A408-065C902E4AB6}"
EndProject
Project("{FAE04EC0-301F-11D3-BF4B-00C04F79EFBC}") = "CourseNotesLib", "CourseNotesLib\CourseNotesLib.csproj", "{1983749B-3689-4732-912A-F6EC24B73EE1}"
EndProject
Project("{FAE04EC0-301F-11D3-BF4B-00C04F79EFBC}") = "GenericControls", "GenericControls\GenericControls.csproj", "{2D15E4E2-522F-42C7-BF83-13A2D6FA0295}"
EndProject
Project("{FAE04EC0-301F-11D3-BF4B-00C04F79EFBC}") = "UtilityLibrary", "UtilityLibrary\UtilityLibrary.csproj", "{13714C36-407B-4193-8D1C-1A61DB93F64E}"
EndProject
Project("{9A19103F-16F7-4668-BE54-9A1E7A4F7556}") = "CourseNotesLibTests", "CourseNotesLibTests\CourseNotesLibTests.csproj", "{42CCC7C3-03B8-4AA0-85FF-945727F56016}"
EndProject
Global
	GlobalSection(SolutionConfigurationPlatforms) = preSolution
		Debug|Any CPU = Debug|Any CPU
		Release|Any CPU = Release|Any CPU
	EndGlobalSection
	GlobalSection(ProjectConfigurationPlatforms) = postSolution
		{27C1ABE5-6853-4234-A408-065C902E4AB6}.Debug|Any CPU.ActiveCfg = Debug|Any CPU
		{27C1ABE5-6853-4234-A408-065C902E4AB6}.Debug|Any CPU.Build.0 = Debug|Any CPU
		{27C1ABE5-6853-4234-A408-065C902E4AB6}.Release|Any CPU.ActiveCfg = Release|Any CPU
		{27C1ABE5-6853-4234-A408-065C902E4AB6}.Release|Any CPU.Build.0 = Release|Any CPU
		{1983749B-3689-4732-912A-F6EC24B73EE1}.Debug|Any CPU.ActiveCfg = Debug|Any CPU
		{1983749B-3689-4732-912A-F6EC24B73EE1}.Debug|Any CPU.Build.0 = Debug|Any CPU
		{1983749B-3689-4732-912A-F6EC24B73EE1}.Release|Any CPU.ActiveCfg = Release|Any CPU
		{1983749B-3689-4732-912A-F6EC24B73EE1}.Release|Any CPU.Build.0 = Release|Any CPU
		{2D15E4E2-522F-42C7-BF83-13A2D6FA0295}.Debug|Any CPU.ActiveCfg = Debug|Any CPU
		{2D15E4E2-522F-42C7-BF83-13A2D6FA0295}.Debug|Any CPU.Build.0 = Debug|Any CPU
		{2D15E4E2-522F-42C7-BF83-13A2D6FA0295}.Release|Any CPU.ActiveCfg = Release|Any CPU
		{2D15E4E2-522F-42C7-BF83-13A2D6FA0295}.Release|Any CPU.Build.0 = Release|Any CPU
		{13714C36-407B-4193-8D1C-1A61DB93F64E}.Debug|Any CPU.ActiveCfg = Debug|Any CPU
		{13714C36-407B-4193-8D1C-1A61DB93F64E}.Debug|Any CPU.Build.0 = Debug|Any CPU
		{13714C36-407B-4193-8D1C-1A61DB93F64E}.Release|Any CPU.ActiveCfg = Release|Any CPU
		{13714C36-407B-4193-8D1C-1A61DB93F64E}.Release|Any CPU.Build.0 = Release|Any CPU
		{42CCC7C3-03B8-4AA0-85FF-945727F56016}.Debug|Any CPU.ActiveCfg = Debug|Any CPU
		{42CCC7C3-03B8-4AA0-85FF-945727F56016}.Debug|Any CPU.Build.0 = Debug|Any CPU
		{42CCC7C3-03B8-4AA0-85FF-945727F56016}.Release|Any CPU.ActiveCfg = Release|Any CPU
		{42CCC7C3-03B8-4AA0-85FF-945727F56016}.Release|Any CPU.Build.0 = Release|Any CPU
	EndGlobalSection
	GlobalSection(SolutionProperties) = preSolution
		HideSolutionNode = FALSE
	EndGlobalSection
	GlobalSection(ExtensibilityGlobals) = postSolution
		SolutionGuid = {F98BE20F-5B85-4FD2-BE32-4A6780271164}
	EndGlobalSection
EndGlobal
